{
  "name": "test-uniapp",
  "version": "1.0.0",
  "lockfileVersion": 3,
  "requires": true,
  "packages": {
    "": {
      "name": "test-uniapp",
      "version": "1.0.0",
      "dependencies": {
        "coolui-scroller-uni": "^1.0.1"
      }
    },
    "node_modules/coolui-scroller-uni": {
      "version": "1.0.1",
      "resolved": "https://registry.npmjs.org/coolui-scroller-uni/-/coolui-scroller-uni-1.0.1.tgz",
      "integrity": "sha512-zjlFrz71q36ekLPlfK0fkPkfsMWdtw4EtaBdQlQ3IKhnGUWSHTal5tGLW7KYrNyhQSnBdYRII88B9ZGfyNzO2g==",
      "license": "MIT"
    }
  }
}
